
Microsoft Visual Studio Solution File, Format Version 12.00
# Visual Studio Version 17
VisualStudioVersion = 17.12.35527.113
MinimumVisualStudioVersion = 10.0.40219.1
Project("{FAE04EC0-301F-11D3-BF4B-00C04F79EFBC}") = "PIMS.Client", "PIMS.Client\PIMS.Client.csproj", "{22F88F05-3C24-4E44-AAFA-6BCF32E63FC3}"
EndProject
Project("{FAE04EC0-301F-11D3-BF4B-00C04F79EFBC}") = "PIMS.Server", "PIMS.Server\PIMS.Server.csproj", "{6F7ED59F-6625-4511-AB0F-377023AF4783}"
EndProject
Global
	GlobalSection(SolutionConfigurationPlatforms) = preSolution
		Debug|Any CPU = Debug|Any CPU
		Release|Any CPU = Release|Any CPU
	EndGlobalSection
	GlobalSection(ProjectConfigurationPlatforms) = postSolution
		{22F88F05-3C24-4E44-AAFA-6BCF32E63FC3}.Debug|Any CPU.ActiveCfg = Debug|Any CPU
		{22F88F05-3C24-4E44-AAFA-6BCF32E63FC3}.Debug|Any CPU.Build.0 = Debug|Any CPU
		{22F88F05-3C24-4E44-AAFA-6BCF32E63FC3}.Release|Any CPU.ActiveCfg = Release|Any CPU
		{22F88F05-3C24-4E44-AAFA-6BCF32E63FC3}.Release|Any CPU.Build.0 = Release|Any CPU
		{6F7ED59F-6625-4511-AB0F-377023AF4783}.Debug|Any CPU.ActiveCfg = Debug|Any CPU
		{6F7ED59F-6625-4511-AB0F-377023AF4783}.Debug|Any CPU.Build.0 = Debug|Any CPU
		{6F7ED59F-6625-4511-AB0F-377023AF4783}.Release|Any CPU.ActiveCfg = Release|Any CPU
		{6F7ED59F-6625-4511-AB0F-377023AF4783}.Release|Any CPU.Build.0 = Release|Any CPU
	EndGlobalSection
	GlobalSection(SolutionProperties) = preSolution
		HideSolutionNode = FALSE
	EndGlobalSection
EndGlobal
